
Microsoft Visual Studio Solution File, Format Version 12.00
# Visual Studio 15
Project("{FAE04EC0-301F-11D3-BF4B-00C04F79EFBC}") = "Assembly-CSharp", "Assembly-CSharp.csproj", "{2EC828F4-5609-9E91-FAB1-550E4C3B449C}"
EndProject
Project("{FAE04EC0-301F-11D3-BF4B-00C04F79EFBC}") = "Assembly-CSharp-Editor", "Assembly-CSharp-Editor.csproj", "{6886068B-7C29-C786-486F-41668A66EADB}"
EndProject
Global
	GlobalSection(SolutionConfigurationPlatforms) = preSolution
		Debug|Any CPU = Debug|Any CPU
		Release|Any CPU = Release|Any CPU
	EndGlobalSection
	GlobalSection(ProjectConfigurationPlatforms) = postSolution
		{2EC828F4-5609-9E91-FAB1-550E4C3B449C}.Debug|Any CPU.ActiveCfg = Debug|Any CPU
		{2EC828F4-5609-9E91-FAB1-550E4C3B449C}.Debug|Any CPU.Build.0 = Debug|Any CPU
		{2EC828F4-5609-9E91-FAB1-550E4C3B449C}.Release|Any CPU.ActiveCfg = Release|Any CPU
		{2EC828F4-5609-9E91-FAB1-550E4C3B449C}.Release|Any CPU.Build.0 = Release|Any CPU
		{6886068B-7C29-C786-486F-41668A66EADB}.Debug|Any CPU.ActiveCfg = Debug|Any CPU
		{6886068B-7C29-C786-486F-41668A66EADB}.Debug|Any CPU.Build.0 = Debug|Any CPU
		{6886068B-7C29-C786-486F-41668A66EADB}.Release|Any CPU.ActiveCfg = Release|Any CPU
		{6886068B-7C29-C786-486F-41668A66EADB}.Release|Any CPU.Build.0 = Release|Any CPU
	EndGlobalSection
	GlobalSection(SolutionProperties) = preSolution
		HideSolutionNode = FALSE
	EndGlobalSection
EndGlobal
